# This file is automatically @generated by Cargo.
# It is not intended for manual editing.
version = 4

[[package]]
name = "repo-policy"
version = "0.0.0"

[[package]]
name = "sts2-game-mod"
version = "0.0.0"
dependencies = [
    "sts2-game-mod-host",
    "sts2-game-mod-http-adapter",
]

[[package]]
name = "sts2-game-mod-interop"
version = "0.0.0"

[[package]]
name = "sts2-game-mod-host"
version = "0.0.0"

[[package]]
name = "sts2-game-mod-http-adapter"
version = "0.0.0"
